
Microsoft Visual Studio Solution File, Format Version 12.00
# Visual Studio Version 17
VisualStudioVersion = 17.14.36511.14 d17.14
MinimumVisualStudioVersion = 10.0.40219.1
Project("{FAE04EC0-301F-11D3-BF4B-00C04F79EFBC}") = "DOTNET", "DOTNET\DOTNET.csproj", "{B738B0D8-50BF-496B-BE14-26927351423F}"
EndProject
Project("{FAE04EC0-301F-11D3-BF4B-00C04F79EFBC}") = "DOTNET.Lib", "DOTNET.Lib\DOTNET.Lib.csproj", "{2FE8BBE6-D0CC-4957-88A3-359BA7AB1848}"
EndProject
Project("{FAE04EC0-301F-11D3-BF4B-00C04F79EFBC}") = "DOTNET.Data", "DOTNET.Data\DOTNET.Data.csproj", "{0AA9E83A-56C9-4809-929B-117B2C55A1C9}"
EndProject
Project("{FAE04EC0-301F-11D3-BF4B-00C04F79EFBC}") = "DOTNET.BLL", "DOTNET.BLL\DOTNET.BLL.csproj", "{31B80B9E-BEA5-4DFB-BD55-95B4B6A26785}"
EndProject
Global
	GlobalSection(SolutionConfigurationPlatforms) = preSolution
		Debug|Any CPU = Debug|Any CPU
		Release|Any CPU = Release|Any CPU
	EndGlobalSection
	GlobalSection(ProjectConfigurationPlatforms) = postSolution
		{B738B0D8-50BF-496B-BE14-26927351423F}.Debug|Any CPU.ActiveCfg = Debug|Any CPU
		{B738B0D8-50BF-496B-BE14-26927351423F}.Debug|Any CPU.Build.0 = Debug|Any CPU
		{B738B0D8-50BF-496B-BE14-26927351423F}.Release|Any CPU.ActiveCfg = Release|Any CPU
		{B738B0D8-50BF-496B-BE14-26927351423F}.Release|Any CPU.Build.0 = Release|Any CPU
		{2FE8BBE6-D0CC-4957-88A3-359BA7AB1848}.Debug|Any CPU.ActiveCfg = Debug|Any CPU
		{2FE8BBE6-D0CC-4957-88A3-359BA7AB1848}.Debug|Any CPU.Build.0 = Debug|Any CPU
		{2FE8BBE6-D0CC-4957-88A3-359BA7AB1848}.Release|Any CPU.ActiveCfg = Release|Any CPU
		{2FE8BBE6-D0CC-4957-88A3-359BA7AB1848}.Release|Any CPU.Build.0 = Release|Any CPU
		{0AA9E83A-56C9-4809-929B-117B2C55A1C9}.Debug|Any CPU.ActiveCfg = Debug|Any CPU
		{0AA9E83A-56C9-4809-929B-117B2C55A1C9}.Debug|Any CPU.Build.0 = Debug|Any CPU
		{0AA9E83A-56C9-4809-929B-117B2C55A1C9}.Release|Any CPU.ActiveCfg = Release|Any CPU
		{0AA9E83A-56C9-4809-929B-117B2C55A1C9}.Release|Any CPU.Build.0 = Release|Any CPU
		{31B80B9E-BEA5-4DFB-BD55-95B4B6A26785}.Debug|Any CPU.ActiveCfg = Debug|Any CPU
		{31B80B9E-BEA5-4DFB-BD55-95B4B6A26785}.Debug|Any CPU.Build.0 = Debug|Any CPU
		{31B80B9E-BEA5-4DFB-BD55-95B4B6A26785}.Release|Any CPU.ActiveCfg = Release|Any CPU
		{31B80B9E-BEA5-4DFB-BD55-95B4B6A26785}.Release|Any CPU.Build.0 = Release|Any CPU
	EndGlobalSection
	GlobalSection(SolutionProperties) = preSolution
		HideSolutionNode = FALSE
	EndGlobalSection
	GlobalSection(ExtensibilityGlobals) = postSolution
		SolutionGuid = {84CB5686-C01A-4F6B-A2DA-8E83083F1F1B}
	EndGlobalSection
EndGlobal
